// !$*UTF8*$!
{
	archiveVersion = 1;
	classes = {
	};
	objectVersion = 56;
	objects = {

/* Begin PBXBuildFile section */
		8A2254492B7A8598005CC131 /* iOSApp.swift in Sources */ = {isa = PBXBuildFile; fileRef = 8A2254482B7A8598005CC131 /* iOSApp.swift */; };
		8A22544B2B7A8598005CC131 /* ContentView.swift in Sources */ = {isa = PBXBuildFile; fileRef = 8A22544A2B7A8598005CC131 /* ContentView.swift */; };
		8A22544D2B7A8598005CC131 /* Item.swift in Sources */ = {isa = PBXBuildFile; fileRef = 8A22544C2B7A8598005CC131 /* Item.swift */; };
		8A22544F2B7A8599005CC131 /* Assets.xcassets in Resources */ = {isa = PBXBuildFile; fileRef = 8A22544E2B7A8599005CC131 /* Assets.xcassets */; };
		8A2254522B7A8599005CC131 /* Preview Assets.xcassets in Resources */ = {isa = PBXBuildFile; fileRef = 8A2254512B7A8599005CC131 /* Preview Assets.xcassets */; };
		8A22545A2B7A85CF005CC131 /* Swinject in Frameworks */ = {isa = PBXBuildFile; productRef = 8A2254592B7A85CF005CC131 /* Swinject */; };
		8A2254622B7A8642005CC131 /* Resolver.swift in Sources */ = {isa = PBXBuildFile; fileRef = 8A2254612B7A8642005CC131 /* Resolver.swift */; };
		8A2254642B7A866A005CC131 /* NetworkManager.swift in Sources */ = {isa = PBXBuildFile; fileRef = 8A2254632B7A866A005CC131 /* NetworkManager.swift */; };
		8A2254662B7A8783005CC131 /* DataTransferService.swift in Sources */ = {isa = PBXBuildFile; fileRef = 8A2254652B7A8783005CC131 /* DataTransferService.swift */; };
		8A2254682B7A8968005CC131 /* NetworkService.swift in Sources */ = {isa = PBXBuildFile; fileRef = 8A2254672B7A8968005CC131 /* NetworkService.swift */; };
		8A22546A2B7A8992005CC131 /* Test.swift in Sources */ = {isa = PBXBuildFile; fileRef = 8A2254692B7A8992005CC131 /* Test.swift */; };
		8A22546C2B7A8BAC005CC131 /* Question.swift in Sources */ = {isa = PBXBuildFile; fileRef = 8A22546B2B7A8BAC005CC131 /* Question.swift */; };
		8A22546E2B7A8BDF005CC131 /* Answer.swift in Sources */ = {isa = PBXBuildFile; fileRef = 8A22546D2B7A8BDF005CC131 /* Answer.swift */; };
		8A2254702B7A8BF3005CC131 /* TestViewModel.swift in Sources */ = {isa = PBXBuildFile; fileRef = 8A22546F2B7A8BF3005CC131 /* TestViewModel.swift */; };
		8A2254742B7A8C1D005CC131 /* TestView.swift in Sources */ = {isa = PBXBuildFile; fileRef = 8A2254732B7A8C1D005CC131 /* TestView.swift */; };
/* End PBXBuildFile section */

/* Begin PBXFileReference section */
		8A2254452B7A8598005CC131 /* iOS.app */ = {isa = PBXFileReference; explicitFileType = wrapper.application; includeInIndex = 0; path = iOS.app; sourceTree = BUILT_PRODUCTS_DIR; };
		8A2254482B7A8598005CC131 /* iOSApp.swift */ = {isa = PBXFileReference; lastKnownFileType = sourcecode.swift; path = iOSApp.swift; sourceTree = "<group>"; };
		8A22544A2B7A8598005CC131 /* ContentView.swift */ = {isa = PBXFileReference; lastKnownFileType = sourcecode.swift; path = ContentView.swift; sourceTree = "<group>"; };
		8A22544C2B7A8598005CC131 /* Item.swift */ = {isa = PBXFileReference; lastKnownFileType = sourcecode.swift; path = Item.swift; sourceTree = "<group>"; };
		8A22544E2B7A8599005CC131 /* Assets.xcassets */ = {isa = PBXFileReference; lastKnownFileType = folder.assetcatalog; path = Assets.xcassets; sourceTree = "<group>"; };
		8A2254512B7A8599005CC131 /* Preview Assets.xcassets */ = {isa = PBXFileReference; lastKnownFileType = folder.assetcatalog; path = "Preview Assets.xcassets"; sourceTree = "<group>"; };
		8A2254612B7A8642005CC131 /* Resolver.swift */ = {isa = PBXFileReference; lastKnownFileType = sourcecode.swift; path = Resolver.swift; sourceTree = "<group>"; };
		8A2254632B7A866A005CC131 /* NetworkManager.swift */ = {isa = PBXFileReference; lastKnownFileType = sourcecode.swift; path = NetworkManager.swift; sourceTree = "<group>"; };
		8A2254652B7A8783005CC131 /* DataTransferService.swift */ = {isa = PBXFileReference; lastKnownFileType = sourcecode.swift; path = DataTransferService.swift; sourceTree = "<group>"; };
		8A2254672B7A8968005CC131 /* NetworkService.swift */ = {isa = PBXFileReference; lastKnownFileType = sourcecode.swift; path = NetworkService.swift; sourceTree = "<group>"; };
		8A2254692B7A8992005CC131 /* Test.swift */ = {isa = PBXFileReference; lastKnownFileType = sourcecode.swift; path = Test.swift; sourceTree = "<group>"; };
		8A22546B2B7A8BAC005CC131 /* Question.swift */ = {isa = PBXFileReference; lastKnownFileType = sourcecode.swift; path = Question.swift; sourceTree = "<group>"; };
		8A22546D2B7A8BDF005CC131 /* Answer.swift */ = {isa = PBXFileReference; lastKnownFileType = sourcecode.swift; path = Answer.swift; sourceTree = "<group>"; };
		8A22546F2B7A8BF3005CC131 /* TestViewModel.swift */ = {isa = PBXFileReference; lastKnownFileType = sourcecode.swift; path = TestViewModel.swift; sourceTree = "<group>"; };
		8A2254732B7A8C1D005CC131 /* TestView.swift */ = {isa = PBXFileReference; lastKnownFileType = sourcecode.swift; path = TestView.swift; sourceTree = "<group>"; };
/* End PBXFileReference section */

/* Begin PBXFrameworksBuildPhase section */
		8A2254422B7A8598005CC131 /* Frameworks */ = {
			isa = PBXFrameworksBuildPhase;
			buildActionMask = 2147483647;
			files = (
				8A22545A2B7A85CF005CC131 /* Swinject in Frameworks */,
			);
			runOnlyForDeploymentPostprocessing = 0;
		};
/* End PBXFrameworksBuildPhase section */

/* Begin PBXGroup section */
		8A22543C2B7A8598005CC131 = {
			isa = PBXGroup;
			children = (
				8A2254472B7A8598005CC131 /* iOS */,
				8A2254462B7A8598005CC131 /* Products */,
			);
			sourceTree = "<group>";
		};
		8A2254462B7A8598005CC131 /* Products */ = {
			isa = PBXGroup;
			children = (
				8A2254452B7A8598005CC131 /* iOS.app */,
			);
			name = Products;
			sourceTree = "<group>";
		};
		8A2254472B7A8598005CC131 /* iOS */ = {
			isa = PBXGroup;
			children = (
				8A22545B2B7A85E1005CC131 /* DI */,
				8A22545C2B7A85EC005CC131 /* Services */,
				8A22545D2B7A85F3005CC131 /* Network */,
				8A22545F2B7A8603005CC131 /* Views */,
				8A2254602B7A860E005CC131 /* ViewModels */,
				8A22545E2B7A85FD005CC131 /* Models */,
				8A2254482B7A8598005CC131 /* iOSApp.swift */,
				8A22544A2B7A8598005CC131 /* ContentView.swift */,
				8A22544C2B7A8598005CC131 /* Item.swift */,
				8A22544E2B7A8599005CC131 /* Assets.xcassets */,
				8A2254502B7A8599005CC131 /* Preview Content */,
			);
			path = iOS;
			sourceTree = "<group>";
		};
		8A2254502B7A8599005CC131 /* Preview Content */ = {
			isa = PBXGroup;
			children = (
				8A2254512B7A8599005CC131 /* Preview Assets.xcassets */,
			);
			path = "Preview Content";
			sourceTree = "<group>";
		};
		8A22545B2B7A85E1005CC131 /* DI */ = {
			isa = PBXGroup;
			children = (
				8A2254612B7A8642005CC131 /* Resolver.swift */,
			);
			path = DI;
			sourceTree = "<group>";
		};
		8A22545C2B7A85EC005CC131 /* Services */ = {
			isa = PBXGroup;
			children = (
				8A2254652B7A8783005CC131 /* DataTransferService.swift */,
				8A2254672B7A8968005CC131 /* NetworkService.swift */,
			);
			path = Services;
			sourceTree = "<group>";
		};
		8A22545D2B7A85F3005CC131 /* Network */ = {
			isa = PBXGroup;
			children = (
				8A2254632B7A866A005CC131 /* NetworkManager.swift */,
			);
			path = Network;
			sourceTree = "<group>";
		};
		8A22545E2B7A85FD005CC131 /* Models */ = {
			isa = PBXGroup;
			children = (
				8A2254692B7A8992005CC131 /* Test.swift */,
				8A22546B2B7A8BAC005CC131 /* Question.swift */,
				8A22546D2B7A8BDF005CC131 /* Answer.swift */,
			);
			path = Models;
			sourceTree = "<group>";
		};
		8A22545F2B7A8603005CC131 /* Views */ = {
			isa = PBXGroup;
			children = (
				8A2254732B7A8C1D005CC131 /* TestView.swift */,
			);
			path = Views;
			sourceTree = "<group>";
		};
		8A2254602B7A860E005CC131 /* ViewModels */ = {
			isa = PBXGroup;
			children = (
				8A22546F2B7A8BF3005CC131 /* TestViewModel.swift */,
			);
			path = ViewModels;
			sourceTree = "<group>";
		};
/* End PBXGroup section */

/* Begin PBXNativeTarget section */
		8A2254442B7A8598005CC131 /* iOS */ = {
			isa = PBXNativeTarget;
			buildConfigurationList = 8A2254552B7A8599005CC131 /* Build configuration list for PBXNativeTarget "iOS" */;
			buildPhases = (
				8A2254412B7A8598005CC131 /* Sources */,
				8A2254422B7A8598005CC131 /* Frameworks */,
				8A2254432B7A8598005CC131 /* Resources */,
			);
			buildRules = (
			);
			dependencies = (
			);
			name = iOS;
			packageProductDependencies = (
				8A2254592B7A85CF005CC131 /* Swinject */,
			);
			productName = iOS;
			productReference = 8A2254452B7A8598005CC131 /* iOS.app */;
			productType = "com.apple.product-type.application";
		};
/* End PBXNativeTarget section */

/* Begin PBXProject section */
		8A22543D2B7A8598005CC131 /* Project object */ = {
			isa = PBXProject;
			attributes = {
				BuildIndependentTargetsInParallel = 1;
				LastSwiftUpdateCheck = 1500;
				LastUpgradeCheck = 1500;
				TargetAttributes = {
					8A2254442B7A8598005CC131 = {
						CreatedOnToolsVersion = 15.0;
					};
				};
			};
			buildConfigurationList = 8A2254402B7A8598005CC131 /* Build configuration list for PBXProject "iOS" */;
			compatibilityVersion = "Xcode 14.0";
			developmentRegion = en;
			hasScannedForEncodings = 0;
			knownRegions = (
				en,
				Base,
			);
			mainGroup = 8A22543C2B7A8598005CC131;
			packageReferences = (
				8A2254582B7A85CF005CC131 /* XCRemoteSwiftPackageReference "Swinject" */,
			);
			productRefGroup = 8A2254462B7A8598005CC131 /* Products */;
			projectDirPath = "";
			projectRoot = "";
			targets = (
				8A2254442B7A8598005CC131 /* iOS */,
			);
		};
/* End PBXProject section */

/* Begin PBXResourcesBuildPhase section */
		8A2254432B7A8598005CC131 /* Resources */ = {
			isa = PBXResourcesBuildPhase;
			buildActionMask = 2147483647;
			files = (
				8A2254522B7A8599005CC131 /* Preview Assets.xcassets in Resources */,
				8A22544F2B7A8599005CC131 /* Assets.xcassets in Resources */,
			);
			runOnlyForDeploymentPostprocessing = 0;
		};
/* End PBXResourcesBuildPhase section */

/* Begin PBXSourcesBuildPhase section */
		8A2254412B7A8598005CC131 /* Sources */ = {
			isa = PBXSourcesBuildPhase;
			buildActionMask = 2147483647;
			files = (
				8A2254742B7A8C1D005CC131 /* TestView.swift in Sources */,
				8A2254662B7A8783005CC131 /* DataTransferService.swift in Sources */,
				8A22544B2B7A8598005CC131 /* ContentView.swift in Sources */,
				8A22544D2B7A8598005CC131 /* Item.swift in Sources */,
				8A2254702B7A8BF3005CC131 /* TestViewModel.swift in Sources */,
				8A22546C2B7A8BAC005CC131 /* Question.swift in Sources */,
				8A2254642B7A866A005CC131 /* NetworkManager.swift in Sources */,
				8A2254492B7A8598005CC131 /* iOSApp.swift in Sources */,
				8A22546A2B7A8992005CC131 /* Test.swift in Sources */,
				8A22546E2B7A8BDF005CC131 /* Answer.swift in Sources */,
				8A2254622B7A8642005CC131 /* Resolver.swift in Sources */,
				8A2254682B7A8968005CC131 /* NetworkService.swift in Sources */,
			);
			runOnlyForDeploymentPostprocessing = 0;
		};
/* End PBXSourcesBuildPhase section */

/* Begin XCBuildConfiguration section */
		8A2254532B7A8599005CC131 /* Debug */ = {
			isa = XCBuildConfiguration;
			buildSettings = {
				ALWAYS_SEARCH_USER_PATHS = NO;
				ASSETCATALOG_COMPILER_GENERATE_SWIFT_ASSET_SYMBOL_EXTENSIONS = YES;
				CLANG_ANALYZER_NONNULL = YES;
				CLANG_ANALYZER_NUMBER_OBJECT_CONVERSION = YES_AGGRESSIVE;
				CLANG_CXX_LANGUAGE_STANDARD = "gnu++20";
				CLANG_ENABLE_MODULES = YES;
				CLANG_ENABLE_OBJC_ARC = YES;
				CLANG_ENABLE_OBJC_WEAK = YES;
				CLANG_WARN_BLOCK_CAPTURE_AUTORELEASING = YES;
				CLANG_WARN_BOOL_CONVERSION = YES;
				CLANG_WARN_COMMA = YES;
				CLANG_WARN_CONSTANT_CONVERSION = YES;
				CLANG_WARN_DEPRECATED_OBJC_IMPLEMENTATIONS = YES;
				CLANG_WARN_DIRECT_OBJC_ISA_USAGE = YES_ERROR;
				CLANG_WARN_DOCUMENTATION_COMMENTS = YES;
				CLANG_WARN_EMPTY_BODY = YES;
				CLANG_WARN_ENUM_CONVERSION = YES;
				CLANG_WARN_INFINITE_RECURSION = YES;
				CLANG_WARN_INT_CONVERSION = YES;
				CLANG_WARN_NON_LITERAL_NULL_CONVERSION = YES;
				CLANG_WARN_OBJC_IMPLICIT_RETAIN_SELF = YES;
				CLANG_WARN_OBJC_LITERAL_CONVERSION = YES;
				CLANG_WARN_OBJC_ROOT_CLASS = YES_ERROR;
				CLANG_WARN_QUOTED_INCLUDE_IN_FRAMEWORK_HEADER = YES;
				CLANG_WARN_RANGE_LOOP_ANALYSIS = YES;
				CLANG_WARN_STRICT_PROTOTYPES = YES;
				CLANG_WARN_SUSPICIOUS_MOVE = YES;
				CLANG_WARN_UNGUARDED_AVAILABILITY = YES_AGGRESSIVE;
				CLANG_WARN_UNREACHABLE_CODE = YES;
				CLANG_WARN__DUPLICATE_METHOD_MATCH = YES;
				COPY_PHASE_STRIP = NO;
				DEBUG_INFORMATION_FORMAT = dwarf;
				ENABLE_STRICT_OBJC_MSGSEND = YES;
				ENABLE_TESTABILITY = YES;
				ENABLE_USER_SCRIPT_SANDBOXING = YES;
				GCC_C_LANGUAGE_STANDARD = gnu17;
				GCC_DYNAMIC_NO_PIC = NO;
				GCC_NO_COMMON_BLOCKS = YES;
				GCC_OPTIMIZATION_LEVEL = 0;
				GCC_PREPROCESSOR_DEFINITIONS = (
					"DEBUG=1",
					"$(inherited)",
				);
				GCC_WARN_64_TO_32_BIT_CONVERSION = YES;
				GCC_WARN_ABOUT_RETURN_TYPE = YES_ERROR;
				GCC_WARN_UNDECLARED_SELECTOR = YES;
				GCC_WARN_UNINITIALIZED_AUTOS = YES_AGGRESSIVE;
				GCC_WARN_UNUSED_FUNCTION = YES;
				GCC_WARN_UNUSED_VARIABLE = YES;
				IPHONEOS_DEPLOYMENT_TARGET = 17.0;
				LOCALIZATION_PREFERS_STRING_CATALOGS = YES;
				MTL_ENABLE_DEBUG_INFO = INCLUDE_SOURCE;
				MTL_FAST_MATH = YES;
				ONLY_ACTIVE_ARCH = YES;
				SDKROOT = iphoneos;
				SWIFT_ACTIVE_COMPILATION_CONDITIONS = "DEBUG $(inherited)";
				SWIFT_OPTIMIZATION_LEVEL = "-Onone";
			};
			name = Debug;
		};
		8A2254542B7A8599005CC131 /* Release */ = {
			isa = XCBuildConfiguration;
			buildSettings = {
				ALWAYS_SEARCH_USER_PATHS = NO;
				ASSETCATALOG_COMPILER_GENERATE_SWIFT_ASSET_SYMBOL_EXTENSIONS = YES;
				CLANG_ANALYZER_NONNULL = YES;
				CLANG_ANALYZER_NUMBER_OBJECT_CONVERSION = YES_AGGRESSIVE;
				CLANG_CXX_LANGUAGE_STANDARD = "gnu++20";
				CLANG_ENABLE_MODULES = YES;
				CLANG_ENABLE_OBJC_ARC = YES;
				CLANG_ENABLE_OBJC_WEAK = YES;
				CLANG_WARN_BLOCK_CAPTURE_AUTORELEASING = YES;
				CLANG_WARN_BOOL_CONVERSION = YES;
				CLANG_WARN_COMMA = YES;
				CLANG_WARN_CONSTANT_CONVERSION = YES;
				CLANG_WARN_DEPRECATED_OBJC_IMPLEMENTATIONS = YES;
				CLANG_WARN_DIRECT_OBJC_ISA_USAGE = YES_ERROR;
				CLANG_WARN_DOCUMENTATION_COMMENTS = YES;
				CLANG_WARN_EMPTY_BODY = YES;
				CLANG_WARN_ENUM_CONVERSION = YES;
				CLANG_WARN_INFINITE_RECURSION = YES;
				CLANG_WARN_INT_CONVERSION = YES;
				CLANG_WARN_NON_LITERAL_NULL_CONVERSION = YES;
				CLANG_WARN_OBJC_IMPLICIT_RETAIN_SELF = YES;
				CLANG_WARN_OBJC_LITERAL_CONVERSION = YES;
				CLANG_WARN_OBJC_ROOT_CLASS = YES_ERROR;
				CLANG_WARN_QUOTED_INCLUDE_IN_FRAMEWORK_HEADER = YES;
				CLANG_WARN_RANGE_LOOP_ANALYSIS = YES;
				CLANG_WARN_STRICT_PROTOTYPES = YES;
				CLANG_WARN_SUSPICIOUS_MOVE = YES;
				CLANG_WARN_UNGUARDED_AVAILABILITY = YES_AGGRESSIVE;
				CLANG_WARN_UNREACHABLE_CODE = YES;
				CLANG_WARN__DUPLICATE_METHOD_MATCH = YES;
				COPY_PHASE_STRIP = NO;
				DEBUG_INFORMATION_FORMAT = "dwarf-with-dsym";
				ENABLE_NS_ASSERTIONS = NO;
				ENABLE_STRICT_OBJC_MSGSEND = YES;
				ENABLE_USER_SCRIPT_SANDBOXING = YES;
				GCC_C_LANGUAGE_STANDARD = gnu17;
				GCC_NO_COMMON_BLOCKS = YES;
				GCC_WARN_64_TO_32_BIT_CONVERSION = YES;
				GCC_WARN_ABOUT_RETURN_TYPE = YES_ERROR;
				GCC_WARN_UNDECLARED_SELECTOR = YES;
				GCC_WARN_UNINITIALIZED_AUTOS = YES_AGGRESSIVE;
				GCC_WARN_UNUSED_FUNCTION = YES;
				GCC_WARN_UNUSED_VARIABLE = YES;
				IPHONEOS_DEPLOYMENT_TARGET = 17.0;
				LOCALIZATION_PREFERS_STRING_CATALOGS = YES;
				MTL_ENABLE_DEBUG_INFO = NO;
				MTL_FAST_MATH = YES;
				SDKROOT = iphoneos;
				SWIFT_COMPILATION_MODE = wholemodule;
				VALIDATE_PRODUCT = YES;
			};
			name = Release;
		};
		8A2254562B7A8599005CC131 /* Debug */ = {
			isa = XCBuildConfiguration;
			buildSettings = {
				ASSETCATALOG_COMPILER_APPICON_NAME = AppIcon;
				ASSETCATALOG_COMPILER_GLOBAL_ACCENT_COLOR_NAME = AccentColor;
				CODE_SIGN_STYLE = Automatic;
				CURRENT_PROJECT_VERSION = 1;
				DEVELOPMENT_ASSET_PATHS = "\"iOS/Preview Content\"";
				DEVELOPMENT_TEAM = U8B83989B5;
				ENABLE_PREVIEWS = YES;
				GENERATE_INFOPLIST_FILE = YES;
				INFOPLIST_KEY_UIApplicationSceneManifest_Generation = YES;
				INFOPLIST_KEY_UIApplicationSupportsIndirectInputEvents = YES;
				INFOPLIST_KEY_UILaunchScreen_Generation = YES;
				INFOPLIST_KEY_UISupportedInterfaceOrientations_iPad = "UIInterfaceOrientationPortrait UIInterfaceOrientationPortraitUpsideDown UIInterfaceOrientationLandscapeLeft UIInterfaceOrientationLandscapeRight";
				INFOPLIST_KEY_UISupportedInterfaceOrientations_iPhone = "UIInterfaceOrientationPortrait UIInterfaceOrientationLandscapeLeft UIInterfaceOrientationLandscapeRight";
				LD_RUNPATH_SEARCH_PATHS = (
					"$(inherited)",
					"@executable_path/Frameworks",
				);
				MARKETING_VERSION = 1.0;
				PRODUCT_BUNDLE_IDENTIFIER = noh4uk.iOS;
				PRODUCT_NAME = "$(TARGET_NAME)";
				SWIFT_EMIT_LOC_STRINGS = YES;
				SWIFT_VERSION = 5.0;
				TARGETED_DEVICE_FAMILY = "1,2";
			};
			name = Debug;
		};
		8A2254572B7A8599005CC131 /* Release */ = {
			isa = XCBuildConfiguration;
			buildSettings = {
				ASSETCATALOG_COMPILER_APPICON_NAME = AppIcon;
				ASSETCATALOG_COMPILER_GLOBAL_ACCENT_COLOR_NAME = AccentColor;
				CODE_SIGN_STYLE = Automatic;
				CURRENT_PROJECT_VERSION = 1;
				DEVELOPMENT_ASSET_PATHS = "\"iOS/Preview Content\"";
				DEVELOPMENT_TEAM = U8B83989B5;
				ENABLE_PREVIEWS = YES;
				GENERATE_INFOPLIST_FILE = YES;
				INFOPLIST_KEY_UIApplicationSceneManifest_Generation = YES;
				INFOPLIST_KEY_UIApplicationSupportsIndirectInputEvents = YES;
				INFOPLIST_KEY_UILaunchScreen_Generation = YES;
				INFOPLIST_KEY_UISupportedInterfaceOrientations_iPad = "UIInterfaceOrientationPortrait UIInterfaceOrientationPortraitUpsideDown UIInterfaceOrientationLandscapeLeft UIInterfaceOrientationLandscapeRight";
				INFOPLIST_KEY_UISupportedInterfaceOrientations_iPhone = "UIInterfaceOrientationPortrait UIInterfaceOrientationLandscapeLeft UIInterfaceOrientationLandscapeRight";
				LD_RUNPATH_SEARCH_PATHS = (
					"$(inherited)",
					"@executable_path/Frameworks",
				);
				MARKETING_VERSION = 1.0;
				PRODUCT_BUNDLE_IDENTIFIER = noh4uk.iOS;
				PRODUCT_NAME = "$(TARGET_NAME)";
				SWIFT_EMIT_LOC_STRINGS = YES;
				SWIFT_VERSION = 5.0;
				TARGETED_DEVICE_FAMILY = "1,2";
			};
			name = Release;
		};
/* End XCBuildConfiguration section */

/* Begin XCConfigurationList section */
		8A2254402B7A8598005CC131 /* Build configuration list for PBXProject "iOS" */ = {
			isa = XCConfigurationList;
			buildConfigurations = (
				8A2254532B7A8599005CC131 /* Debug */,
				8A2254542B7A8599005CC131 /* Release */,
			);
			defaultConfigurationIsVisible = 0;
			defaultConfigurationName = Release;
		};
		8A2254552B7A8599005CC131 /* Build configuration list for PBXNativeTarget "iOS" */ = {
			isa = XCConfigurationList;
			buildConfigurations = (
				8A2254562B7A8599005CC131 /* Debug */,
				8A2254572B7A8599005CC131 /* Release */,
			);
			defaultConfigurationIsVisible = 0;
			defaultConfigurationName = Release;
		};
/* End XCConfigurationList section */

/* Begin XCRemoteSwiftPackageReference section */
		8A2254582B7A85CF005CC131 /* XCRemoteSwiftPackageReference "Swinject" */ = {
			isa = XCRemoteSwiftPackageReference;
			repositoryURL = "https://github.com/Swinject/Swinject.git";
			requirement = {
				kind = upToNextMajorVersion;
				minimumVersion = 2.8.4;
			};
		};
/* End XCRemoteSwiftPackageReference section */

/* Begin XCSwiftPackageProductDependency section */
		8A2254592B7A85CF005CC131 /* Swinject */ = {
			isa = XCSwiftPackageProductDependency;
			package = 8A2254582B7A85CF005CC131 /* XCRemoteSwiftPackageReference "Swinject" */;
			productName = Swinject;
		};
/* End XCSwiftPackageProductDependency section */
	};
	rootObject = 8A22543D2B7A8598005CC131 /* Project object */;
}
